{
  "name": "host",
  "version": "1.0.0",
  "lockfileVersion": 3,
  "requires": true,
  "packages": {
    "": {
      "name": "host",
      "version": "1.0.0",
      "dependencies": {
        "fake-dep": "file:./fake-dep"
      }
    },
    "fake-dep": {
      "version": "1.0.1",
      "hasInstallScript": true
    },
    "node_modules/fake-dep": {
      "resolved": "fake-dep",
      "link": true
    }
  }
}
